{
  "name": "list-to-do",
  "version": "1.0.0",
  "lockfileVersion": 3,
  "requires": true,
  "packages": {
    "": {
      "name": "list-to-do",
      "version": "1.0.0",
      "license": "ISC",
      "dependencies": {
        "typescript": "^5.1.6",
        "typescript-cookie": "^1.0.6"
      },
      "devDependencies": {
        "@types/js-cookie": "^3.0.3",
        "js-cookie": "^3.0.5"
      }
    },
    "node_modules/@types/js-cookie": {
      "version": "3.0.3",
      "resolved": "https://registry.npmjs.org/@types/js-cookie/-/js-cookie-3.0.3.tgz",
      "integrity": "sha512-Xe7IImK09HP1sv2M/aI+48a20VX+TdRJucfq4vfRVy6nWN8PYPOEnlMRSgxJAgYQIXJVL8dZ4/ilAM7dWNaOww==",
      "dev": true
    },
    "node_modules/js-cookie": {
      "version": "3.0.5",
      "resolved": "https://registry.npmjs.org/js-cookie/-/js-cookie-3.0.5.tgz",
      "integrity": "sha512-cEiJEAEoIbWfCZYKWhVwFuvPX1gETRYPw6LlaTKoxD3s2AkXzkCjnp6h0V77ozyqj0jakteJ4YqDJT830+lVGw==",
      "dev": true,
      "engines": {
        "node": ">=14"
      }
    },
    "node_modules/typescript": {
      "version": "5.1.6",
      "resolved": "https://registry.npmjs.org/typescript/-/typescript-5.1.6.tgz",
      "integrity": "sha512-zaWCozRZ6DLEWAWFrVDz1H6FVXzUSfTy5FUMWsQlU8Ym5JP9eO4xkTIROFCQvhQf61z6O/G6ugw3SgAnvvm+HA==",
      "bin": {
        "tsc": "bin/tsc",
        "tsserver": "bin/tsserver"
      },
      "engines": {
        "node": ">=14.17"
      }
    },
    "node_modules/typescript-cookie": {
      "version": "1.0.6",
      "resolved": "https://registry.npmjs.org/typescript-cookie/-/typescript-cookie-1.0.6.tgz",
      "integrity": "sha512-s+BZr7/9BUG6Kg7jGGcOY/4XJcP+iZRFdF3q4FPTfRSP83ivLWF94OcH8PrzGmnS8Ab9qP7ENu/ikLwNFsIafA==",
      "engines": {
        "node": ">=14"
      }
    }
  }
}
